
Microsoft Visual Studio Solution File, Format Version 12.00
# Visual Studio Version 17
VisualStudioVersion = 17.7.34202.233
MinimumVisualStudioVersion = 10.0.40219.1
Project("{8BC9CEB8-8B4A-11D0-8D11-00A0C91BC942}") = "Particle_System", "Particle_System.vcxproj", "{A66AE670-8371-4E2C-977A-31AA7E19F37B}"
EndProject
Global
	GlobalSection(SolutionConfigurationPlatforms) = preSolution
		Debug|x64 = Debug|x64
		Debug|x86 = Debug|x86
		Release|x64 = Release|x64
		Release|x86 = Release|x86
	EndGlobalSection
	GlobalSection(ProjectConfigurationPlatforms) = postSolution
		{A66AE670-8371-4E2C-977A-31AA7E19F37B}.Debug|x64.ActiveCfg = Debug|x64
		{A66AE670-8371-4E2C-977A-31AA7E19F37B}.Debug|x64.Build.0 = Debug|x64
		{A66AE670-8371-4E2C-977A-31AA7E19F37B}.Debug|x86.ActiveCfg = Debug|Win32
		{A66AE670-8371-4E2C-977A-31AA7E19F37B}.Debug|x86.Build.0 = Debug|Win32
		{A66AE670-8371-4E2C-977A-31AA7E19F37B}.Release|x64.ActiveCfg = Release|x64
		{A66AE670-8371-4E2C-977A-31AA7E19F37B}.Release|x64.Build.0 = Release|x64
		{A66AE670-8371-4E2C-977A-31AA7E19F37B}.Release|x86.ActiveCfg = Release|Win32
		{A66AE670-8371-4E2C-977A-31AA7E19F37B}.Release|x86.Build.0 = Release|Win32
	EndGlobalSection
	GlobalSection(SolutionProperties) = preSolution
		HideSolutionNode = FALSE
	EndGlobalSection
	GlobalSection(ExtensibilityGlobals) = postSolution
		SolutionGuid = {086ED2E6-5814-46BB-84C0-DA4AD2F3E98C}
	EndGlobalSection
EndGlobal
